
Microsoft Visual Studio Solution File, Format Version 12.00
# Visual Studio 15
VisualStudioVersion = 15.0.27428.2037
MinimumVisualStudioVersion = 10.0.40219.1
Project("{FAE04EC0-301F-11D3-BF4B-00C04F79EFBC}") = "DocDbCore", "DocDbCore\DocDbCore.csproj", "{B37FA385-7715-44D6-BD24-A43501890029}"
EndProject
Project("{9A19103F-16F7-4668-BE54-9A1E7A4F7556}") = "SmartMonitoring.Framework.Models", "SmartMonitoring.Framework.Data\SmartMonitoring.Framework.Models.csproj", "{9A3C3DE3-3A22-4935-9C16-D59E4871510C}"
EndProject
Global
	GlobalSection(SolutionConfigurationPlatforms) = preSolution
		Debug|Any CPU = Debug|Any CPU
		Release|Any CPU = Release|Any CPU
	EndGlobalSection
	GlobalSection(ProjectConfigurationPlatforms) = postSolution
		{B37FA385-7715-44D6-BD24-A43501890029}.Debug|Any CPU.ActiveCfg = Debug|Any CPU
		{B37FA385-7715-44D6-BD24-A43501890029}.Debug|Any CPU.Build.0 = Debug|Any CPU
		{B37FA385-7715-44D6-BD24-A43501890029}.Release|Any CPU.ActiveCfg = Release|Any CPU
		{B37FA385-7715-44D6-BD24-A43501890029}.Release|Any CPU.Build.0 = Release|Any CPU
		{9A3C3DE3-3A22-4935-9C16-D59E4871510C}.Debug|Any CPU.ActiveCfg = Debug|Any CPU
		{9A3C3DE3-3A22-4935-9C16-D59E4871510C}.Debug|Any CPU.Build.0 = Debug|Any CPU
		{9A3C3DE3-3A22-4935-9C16-D59E4871510C}.Release|Any CPU.ActiveCfg = Release|Any CPU
		{9A3C3DE3-3A22-4935-9C16-D59E4871510C}.Release|Any CPU.Build.0 = Release|Any CPU
	EndGlobalSection
	GlobalSection(SolutionProperties) = preSolution
		HideSolutionNode = FALSE
	EndGlobalSection
	GlobalSection(ExtensibilityGlobals) = postSolution
		SolutionGuid = {7FCD2DA3-183F-4C71-90D9-3E886B630872}
	EndGlobalSection
EndGlobal
